
Microsoft Visual Studio Solution File, Format Version 12.00
# Visual Studio Version 17
VisualStudioVersion = 17.4.33205.214
MinimumVisualStudioVersion = 10.0.40219.1
Project("{FAE04EC0-301F-11D3-BF4B-00C04F79EFBC}") = "ShopOrder", "ShopOrder\ShopOrder.csproj", "{C922518A-95F2-453E-B098-5019A59C923D}"
EndProject
Project("{2150E333-8FDC-42A3-9474-1A3956D46DE8}") = "Solution Items", "Solution Items", "{57D907FC-E70A-4075-992D-4362B6E197EA}"
	ProjectSection(SolutionItems) = preProject
		.editorconfig = .editorconfig
	EndProjectSection
EndProject
Global
	GlobalSection(SolutionConfigurationPlatforms) = preSolution
		Debug|Any CPU = Debug|Any CPU
		Release|Any CPU = Release|Any CPU
	EndGlobalSection
	GlobalSection(ProjectConfigurationPlatforms) = postSolution
		{C922518A-95F2-453E-B098-5019A59C923D}.Debug|Any CPU.ActiveCfg = Debug|Any CPU
		{C922518A-95F2-453E-B098-5019A59C923D}.Debug|Any CPU.Build.0 = Debug|Any CPU
		{C922518A-95F2-453E-B098-5019A59C923D}.Release|Any CPU.ActiveCfg = Release|Any CPU
		{C922518A-95F2-453E-B098-5019A59C923D}.Release|Any CPU.Build.0 = Release|Any CPU
	EndGlobalSection
	GlobalSection(SolutionProperties) = preSolution
		HideSolutionNode = FALSE
	EndGlobalSection
	GlobalSection(ExtensibilityGlobals) = postSolution
		SolutionGuid = {DF5231BE-F5F1-425B-B97A-44DF54EA911E}
	EndGlobalSection
EndGlobal
